
Microsoft Visual Studio Solution File, Format Version 12.00
# Visual Studio Version 17
VisualStudioVersion = 17.0.31808.319
MinimumVisualStudioVersion = 10.0.40219.1
Project("{9A19103F-16F7-4668-BE54-9A1E7A4F7556}") = "MIFCore", "MIFCore\MIFCore.csproj", "{4FB18911-6D4A-4895-A724-4F4F3C4DEC1C}"
EndProject
Project("{9A19103F-16F7-4668-BE54-9A1E7A4F7556}") = "MIFCore.Tests", "MIFCore.Tests\MIFCore.Tests.csproj", "{B4B03402-85EA-49BE-BC98-D3AF0903F005}"
EndProject
Project("{2150E333-8FDC-42A3-9474-1A3956D46DE8}") = "Tests", "Tests", "{E057276C-548A-4190-AF5A-9A92E08268A1}"
EndProject
Project("{9A19103F-16F7-4668-BE54-9A1E7A4F7556}") = "MIFCore.TestApp", "MIFCore.TestApp\MIFCore.TestApp.csproj", "{7FA32F14-5D33-4F0D-9F38-DF19D2C7F6E2}"
EndProject
Project("{9A19103F-16F7-4668-BE54-9A1E7A4F7556}") = "MIFCore.Hangfire.JobActions", "MIFCore.Hangfire.JobActions\MIFCore.Hangfire.JobActions.csproj", "{0E60F2EB-8D41-482E-BE75-4DF8A8326457}"
EndProject
Project("{9A19103F-16F7-4668-BE54-9A1E7A4F7556}") = "MIFCore.Hangfire", "MIFCore.Hangfire\MIFCore.Hangfire.csproj", "{ECDC9841-E10C-40CB-8A14-92F65F6F0A53}"
EndProject
Project("{9A19103F-16F7-4668-BE54-9A1E7A4F7556}") = "MIFCore.Common", "MIFCore.Common\MIFCore.Common.csproj", "{A583D632-B2AD-4914-97EF-426AAF4725CB}"
EndProject
Project("{9A19103F-16F7-4668-BE54-9A1E7A4F7556}") = "MIFCore.Hangfire.APIETL", "MIFCore.Hangfire.APIETL\MIFCore.Hangfire.APIETL.csproj", "{0679FE87-1E69-4CE8-899B-BDC15340FDCB}"
EndProject
Project("{2150E333-8FDC-42A3-9474-1A3956D46DE8}") = "APIETL", "APIETL", "{86C67505-D831-4A34-829E-D12EB7E2BDA7}"
EndProject
Project("{9A19103F-16F7-4668-BE54-9A1E7A4F7556}") = "MIFCore.Hangfire.APIETL.Tests", "MIFCore.Hangfire.APIETL.Tests\MIFCore.Hangfire.APIETL.Tests.csproj", "{33568C51-42C1-41A6-8CCF-0F62FF905378}"
EndProject
Project("{FAE04EC0-301F-11D3-BF4B-00C04F79EFBC}") = "MIFCore.Hangfire.APIETL.SqlServer", "MIFCore.Hangfire.APIETL.SqlServer\MIFCore.Hangfire.APIETL.SqlServer.csproj", "{0BF5DF42-6060-457B-87CB-2C2DFB557EE7}"
EndProject
Project("{2150E333-8FDC-42A3-9474-1A3956D46DE8}") = "Sources", "Sources", "{9E8E78A2-0ED5-46F7-A89E-5212FC2B5250}"
EndProject
Global
	GlobalSection(SolutionConfigurationPlatforms) = preSolution
		Debug|Any CPU = Debug|Any CPU
		Release|Any CPU = Release|Any CPU
	EndGlobalSection
	GlobalSection(ProjectConfigurationPlatforms) = postSolution
		{4FB18911-6D4A-4895-A724-4F4F3C4DEC1C}.Debug|Any CPU.ActiveCfg = Debug|Any CPU
		{4FB18911-6D4A-4895-A724-4F4F3C4DEC1C}.Debug|Any CPU.Build.0 = Debug|Any CPU
		{4FB18911-6D4A-4895-A724-4F4F3C4DEC1C}.Release|Any CPU.ActiveCfg = Release|Any CPU
		{4FB18911-6D4A-4895-A724-4F4F3C4DEC1C}.Release|Any CPU.Build.0 = Release|Any CPU
		{B4B03402-85EA-49BE-BC98-D3AF0903F005}.Debug|Any CPU.ActiveCfg = Debug|Any CPU
		{B4B03402-85EA-49BE-BC98-D3AF0903F005}.Debug|Any CPU.Build.0 = Debug|Any CPU
		{B4B03402-85EA-49BE-BC98-D3AF0903F005}.Release|Any CPU.ActiveCfg = Release|Any CPU
		{B4B03402-85EA-49BE-BC98-D3AF0903F005}.Release|Any CPU.Build.0 = Release|Any CPU
		{7FA32F14-5D33-4F0D-9F38-DF19D2C7F6E2}.Debug|Any CPU.ActiveCfg = Debug|Any CPU
		{7FA32F14-5D33-4F0D-9F38-DF19D2C7F6E2}.Debug|Any CPU.Build.0 = Debug|Any CPU
		{7FA32F14-5D33-4F0D-9F38-DF19D2C7F6E2}.Release|Any CPU.ActiveCfg = Release|Any CPU
		{7FA32F14-5D33-4F0D-9F38-DF19D2C7F6E2}.Release|Any CPU.Build.0 = Release|Any CPU
		{0E60F2EB-8D41-482E-BE75-4DF8A8326457}.Debug|Any CPU.ActiveCfg = Debug|Any CPU
		{0E60F2EB-8D41-482E-BE75-4DF8A8326457}.Debug|Any CPU.Build.0 = Debug|Any CPU
		{0E60F2EB-8D41-482E-BE75-4DF8A8326457}.Release|Any CPU.ActiveCfg = Release|Any CPU
		{0E60F2EB-8D41-482E-BE75-4DF8A8326457}.Release|Any CPU.Build.0 = Release|Any CPU
		{ECDC9841-E10C-40CB-8A14-92F65F6F0A53}.Debug|Any CPU.ActiveCfg = Debug|Any CPU
		{ECDC9841-E10C-40CB-8A14-92F65F6F0A53}.Debug|Any CPU.Build.0 = Debug|Any CPU
		{ECDC9841-E10C-40CB-8A14-92F65F6F0A53}.Release|Any CPU.ActiveCfg = Release|Any CPU
		{ECDC9841-E10C-40CB-8A14-92F65F6F0A53}.Release|Any CPU.Build.0 = Release|Any CPU
		{A583D632-B2AD-4914-97EF-426AAF4725CB}.Debug|Any CPU.ActiveCfg = Debug|Any CPU
		{A583D632-B2AD-4914-97EF-426AAF4725CB}.Debug|Any CPU.Build.0 = Debug|Any CPU
		{A583D632-B2AD-4914-97EF-426AAF4725CB}.Release|Any CPU.ActiveCfg = Release|Any CPU
		{A583D632-B2AD-4914-97EF-426AAF4725CB}.Release|Any CPU.Build.0 = Release|Any CPU
		{0679FE87-1E69-4CE8-899B-BDC15340FDCB}.Debug|Any CPU.ActiveCfg = Debug|Any CPU
		{0679FE87-1E69-4CE8-899B-BDC15340FDCB}.Debug|Any CPU.Build.0 = Debug|Any CPU
		{0679FE87-1E69-4CE8-899B-BDC15340FDCB}.Release|Any CPU.ActiveCfg = Release|Any CPU
		{0679FE87-1E69-4CE8-899B-BDC15340FDCB}.Release|Any CPU.Build.0 = Release|Any CPU
		{33568C51-42C1-41A6-8CCF-0F62FF905378}.Debug|Any CPU.ActiveCfg = Debug|Any CPU
		{33568C51-42C1-41A6-8CCF-0F62FF905378}.Debug|Any CPU.Build.0 = Debug|Any CPU
		{33568C51-42C1-41A6-8CCF-0F62FF905378}.Release|Any CPU.ActiveCfg = Release|Any CPU
		{33568C51-42C1-41A6-8CCF-0F62FF905378}.Release|Any CPU.Build.0 = Release|Any CPU
		{0BF5DF42-6060-457B-87CB-2C2DFB557EE7}.Debug|Any CPU.ActiveCfg = Debug|Any CPU
		{0BF5DF42-6060-457B-87CB-2C2DFB557EE7}.Debug|Any CPU.Build.0 = Debug|Any CPU
		{0BF5DF42-6060-457B-87CB-2C2DFB557EE7}.Release|Any CPU.ActiveCfg = Release|Any CPU
		{0BF5DF42-6060-457B-87CB-2C2DFB557EE7}.Release|Any CPU.Build.0 = Release|Any CPU
	EndGlobalSection
	GlobalSection(SolutionProperties) = preSolution
		HideSolutionNode = FALSE
	EndGlobalSection
	GlobalSection(NestedProjects) = preSolution
		{B4B03402-85EA-49BE-BC98-D3AF0903F005} = {E057276C-548A-4190-AF5A-9A92E08268A1}
		{7FA32F14-5D33-4F0D-9F38-DF19D2C7F6E2} = {E057276C-548A-4190-AF5A-9A92E08268A1}
		{0679FE87-1E69-4CE8-899B-BDC15340FDCB} = {86C67505-D831-4A34-829E-D12EB7E2BDA7}
		{33568C51-42C1-41A6-8CCF-0F62FF905378} = {86C67505-D831-4A34-829E-D12EB7E2BDA7}
		{0BF5DF42-6060-457B-87CB-2C2DFB557EE7} = {9E8E78A2-0ED5-46F7-A89E-5212FC2B5250}
		{9E8E78A2-0ED5-46F7-A89E-5212FC2B5250} = {86C67505-D831-4A34-829E-D12EB7E2BDA7}
	EndGlobalSection
	GlobalSection(ExtensibilityGlobals) = postSolution
		SolutionGuid = {70D42A47-49DB-4784-8B40-89988134D6C8}
	EndGlobalSection
EndGlobal
